
Microsoft Visual Studio Solution File, Format Version 12.00
# Visual Studio Version 16
VisualStudioVersion = 16.0.31410.357
MinimumVisualStudioVersion = 10.0.40219.1
Project("{8BC9CEB8-8B4A-11D0-8D11-00A0C91BC943}") = "mpp", "mpp.vcxproj", "{3BACB7E6-9FDA-476E-A31F-AC9C97D9F86F}"
EndProject
Global
	GlobalSection(SolutionConfigurationPlatforms) = preSolution
		Debug|x64 = Debug|x64
		Debug|x86 = Debug|x86
		Release|x64 = Release|x64
		Release|x86 = Release|x86
	EndGlobalSection
	GlobalSection(ProjectConfigurationPlatforms) = postSolution
		{3BACB7E6-9FDA-476E-A31F-AC9C97D9F86F}.Debug|x64.ActiveCfg = Debug|x64
		{3BACB7E6-9FDA-476E-A31F-AC9C97D9F86F}.Debug|x64.Build.0 = Debug|x64
		{3BACB7E6-9FDA-476E-A31F-AC9C97D9F86F}.Debug|x86.ActiveCfg = Debug|x64
		{3BACB7E6-9FDA-476E-A31F-AC9C97D9F86F}.Release|x64.ActiveCfg = Release|x64
		{3BACB7E6-9FDA-476E-A31F-AC9C97D9F86F}.Release|x64.Build.0 = Release|x64
		{3BACB7E6-9FDA-476E-A31F-AC9C97D9F86F}.Release|x86.ActiveCfg = Release|x64
	EndGlobalSection
	GlobalSection(SolutionProperties) = preSolution
		HideSolutionNode = FALSE
	EndGlobalSection
	GlobalSection(ExtensibilityGlobals) = postSolution
		SolutionGuid = {0475EA70-E1FC-4D90-84C8-2BF96190F8C2}
	EndGlobalSection
EndGlobal
